// !$*UTF8*$!
{
	archiveVersion = 1;
	classes = {
	};
	objectVersion = 50;
	objects = {

/* Begin PBXBuildFile section */
		7AF22E5A262AD3AF00A9CCDA /* AppDelegate.swift in Sources */ = {isa = PBXBuildFile; fileRef = 7AF22E59262AD3AF00A9CCDA /* AppDelegate.swift */; };
		7AF22E5C262AD3AF00A9CCDA /* SceneDelegate.swift in Sources */ = {isa = PBXBuildFile; fileRef = 7AF22E5B262AD3AF00A9CCDA /* SceneDelegate.swift */; };
		7AF22E5E262AD3AF00A9CCDA /* ViewController.swift in Sources */ = {isa = PBXBuildFile; fileRef = 7AF22E5D262AD3AF00A9CCDA /* ViewController.swift */; };
		7AF22E61262AD3AF00A9CCDA /* Main.storyboard in Resources */ = {isa = PBXBuildFile; fileRef = 7AF22E5F262AD3AF00A9CCDA /* Main.storyboard */; };
		7AF22E63262AD3B000A9CCDA /* Assets.xcassets in Resources */ = {isa = PBXBuildFile; fileRef = 7AF22E62262AD3B000A9CCDA /* Assets.xcassets */; };
		7AF22E66262AD3B000A9CCDA /* LaunchScreen.storyboard in Resources */ = {isa = PBXBuildFile; fileRef = 7AF22E64262AD3B000A9CCDA /* LaunchScreen.storyboard */; };
		7AF22E71262AD3B100A9CCDA /* OpenWeatherAppTests.swift in Sources */ = {isa = PBXBuildFile; fileRef = 7AF22E70262AD3B100A9CCDA /* OpenWeatherAppTests.swift */; };
		7AF22E7C262AD3B100A9CCDA /* OpenWeatherAppUITests.swift in Sources */ = {isa = PBXBuildFile; fileRef = 7AF22E7B262AD3B100A9CCDA /* OpenWeatherAppUITests.swift */; };
		7AF22E95262ADEBC00A9CCDA /* Weather.swift in Sources */ = {isa = PBXBuildFile; fileRef = 7AF22E94262ADEBC00A9CCDA /* Weather.swift */; };
		7AF22E9D262AE45F00A9CCDA /* MapViewController.swift in Sources */ = {isa = PBXBuildFile; fileRef = 7AF22E9C262AE45F00A9CCDA /* MapViewController.swift */; };
		7AF22EA5262AE4D700A9CCDA /* WeatherMapView.swift in Sources */ = {isa = PBXBuildFile; fileRef = 7AF22EA4262AE4D700A9CCDA /* WeatherMapView.swift */; };
		7AF22EAA262BE3EF00A9CCDA /* NetworkService.swift in Sources */ = {isa = PBXBuildFile; fileRef = 7AF22EA9262BE3EE00A9CCDA /* NetworkService.swift */; };
/* End PBXBuildFile section */

/* Begin PBXContainerItemProxy section */
		7AF22E6D262AD3B100A9CCDA /* PBXContainerItemProxy */ = {
			isa = PBXContainerItemProxy;
			containerPortal = 7AF22E4E262AD3AF00A9CCDA /* Project object */;
			proxyType = 1;
			remoteGlobalIDString = 7AF22E55262AD3AF00A9CCDA;
			remoteInfo = OpenWeatherApp;
		};
		7AF22E78262AD3B100A9CCDA /* PBXContainerItemProxy */ = {
			isa = PBXContainerItemProxy;
			containerPortal = 7AF22E4E262AD3AF00A9CCDA /* Project object */;
			proxyType = 1;
			remoteGlobalIDString = 7AF22E55262AD3AF00A9CCDA;
			remoteInfo = OpenWeatherApp;
		};
/* End PBXContainerItemProxy section */

/* Begin PBXFileReference section */
		7AF22E56262AD3AF00A9CCDA /* OpenWeatherApp.app */ = {isa = PBXFileReference; explicitFileType = wrapper.application; includeInIndex = 0; path = OpenWeatherApp.app; sourceTree = BUILT_PRODUCTS_DIR; };
		7AF22E59262AD3AF00A9CCDA /* AppDelegate.swift */ = {isa = PBXFileReference; lastKnownFileType = sourcecode.swift; path = AppDelegate.swift; sourceTree = "<group>"; };
		7AF22E5B262AD3AF00A9CCDA /* SceneDelegate.swift */ = {isa = PBXFileReference; lastKnownFileType = sourcecode.swift; path = SceneDelegate.swift; sourceTree = "<group>"; };
		7AF22E5D262AD3AF00A9CCDA /* ViewController.swift */ = {isa = PBXFileReference; lastKnownFileType = sourcecode.swift; path = ViewController.swift; sourceTree = "<group>"; };
		7AF22E60262AD3AF00A9CCDA /* Base */ = {isa = PBXFileReference; lastKnownFileType = file.storyboard; name = Base; path = Base.lproj/Main.storyboard; sourceTree = "<group>"; };
		7AF22E62262AD3B000A9CCDA /* Assets.xcassets */ = {isa = PBXFileReference; lastKnownFileType = folder.assetcatalog; path = Assets.xcassets; sourceTree = "<group>"; };
		7AF22E65262AD3B000A9CCDA /* Base */ = {isa = PBXFileReference; lastKnownFileType = file.storyboard; name = Base; path = Base.lproj/LaunchScreen.storyboard; sourceTree = "<group>"; };
		7AF22E67262AD3B000A9CCDA /* Info.plist */ = {isa = PBXFileReference; lastKnownFileType = text.plist.xml; path = Info.plist; sourceTree = "<group>"; };
		7AF22E6C262AD3B100A9CCDA /* OpenWeatherAppTests.xctest */ = {isa = PBXFileReference; explicitFileType = wrapper.cfbundle; includeInIndex = 0; path = OpenWeatherAppTests.xctest; sourceTree = BUILT_PRODUCTS_DIR; };
		7AF22E70262AD3B100A9CCDA /* OpenWeatherAppTests.swift */ = {isa = PBXFileReference; lastKnownFileType = sourcecode.swift; path = OpenWeatherAppTests.swift; sourceTree = "<group>"; };
		7AF22E72262AD3B100A9CCDA /* Info.plist */ = {isa = PBXFileReference; lastKnownFileType = text.plist.xml; path = Info.plist; sourceTree = "<group>"; };
		7AF22E77262AD3B100A9CCDA /* OpenWeatherAppUITests.xctest */ = {isa = PBXFileReference; explicitFileType = wrapper.cfbundle; includeInIndex = 0; path = OpenWeatherAppUITests.xctest; sourceTree = BUILT_PRODUCTS_DIR; };
		7AF22E7B262AD3B100A9CCDA /* OpenWeatherAppUITests.swift */ = {isa = PBXFileReference; lastKnownFileType = sourcecode.swift; path = OpenWeatherAppUITests.swift; sourceTree = "<group>"; };
		7AF22E7D262AD3B100A9CCDA /* Info.plist */ = {isa = PBXFileReference; lastKnownFileType = text.plist.xml; path = Info.plist; sourceTree = "<group>"; };
		7AF22E94262ADEBC00A9CCDA /* Weather.swift */ = {isa = PBXFileReference; lastKnownFileType = sourcecode.swift; path = Weather.swift; sourceTree = "<group>"; };
		7AF22E9C262AE45F00A9CCDA /* MapViewController.swift */ = {isa = PBXFileReference; lastKnownFileType = sourcecode.swift; path = MapViewController.swift; sourceTree = "<group>"; };
		7AF22EA4262AE4D700A9CCDA /* WeatherMapView.swift */ = {isa = PBXFileReference; lastKnownFileType = sourcecode.swift; path = WeatherMapView.swift; sourceTree = "<group>"; };
		7AF22EA9262BE3EE00A9CCDA /* NetworkService.swift */ = {isa = PBXFileReference; lastKnownFileType = sourcecode.swift; path = NetworkService.swift; sourceTree = "<group>"; };
/* End PBXFileReference section */

/* Begin PBXFrameworksBuildPhase section */
		7AF22E53262AD3AF00A9CCDA /* Frameworks */ = {
			isa = PBXFrameworksBuildPhase;
			buildActionMask = 2147483647;
			files = (
			);
			runOnlyForDeploymentPostprocessing = 0;
		};
		7AF22E69262AD3B100A9CCDA /* Frameworks */ = {
			isa = PBXFrameworksBuildPhase;
			buildActionMask = 2147483647;
			files = (
			);
			runOnlyForDeploymentPostprocessing = 0;
		};
		7AF22E74262AD3B100A9CCDA /* Frameworks */ = {
			isa = PBXFrameworksBuildPhase;
			buildActionMask = 2147483647;
			files = (
			);
			runOnlyForDeploymentPostprocessing = 0;
		};
/* End PBXFrameworksBuildPhase section */

/* Begin PBXGroup section */
		7AF22E4D262AD3AF00A9CCDA = {
			isa = PBXGroup;
			children = (
				7AF22E58262AD3AF00A9CCDA /* OpenWeatherApp */,
				7AF22E6F262AD3B100A9CCDA /* OpenWeatherAppTests */,
				7AF22E7A262AD3B100A9CCDA /* OpenWeatherAppUITests */,
				7AF22E57262AD3AF00A9CCDA /* Products */,
			);
			sourceTree = "<group>";
		};
		7AF22E57262AD3AF00A9CCDA /* Products */ = {
			isa = PBXGroup;
			children = (
				7AF22E56262AD3AF00A9CCDA /* OpenWeatherApp.app */,
				7AF22E6C262AD3B100A9CCDA /* OpenWeatherAppTests.xctest */,
				7AF22E77262AD3B100A9CCDA /* OpenWeatherAppUITests.xctest */,
			);
			name = Products;
			sourceTree = "<group>";
		};
		7AF22E58262AD3AF00A9CCDA /* OpenWeatherApp */ = {
			isa = PBXGroup;
			children = (
				7AF22E8F262AD47E00A9CCDA /* Services */,
				7AF22E8E262AD46E00A9CCDA /* Controller */,
				7AF22E8D262AD45E00A9CCDA /* View */,
				7AF22E8C262AD44800A9CCDA /* Model */,
				7AF22E59262AD3AF00A9CCDA /* AppDelegate.swift */,
				7AF22E5B262AD3AF00A9CCDA /* SceneDelegate.swift */,
				7AF22E5F262AD3AF00A9CCDA /* Main.storyboard */,
				7AF22E62262AD3B000A9CCDA /* Assets.xcassets */,
				7AF22E64262AD3B000A9CCDA /* LaunchScreen.storyboard */,
				7AF22E67262AD3B000A9CCDA /* Info.plist */,
			);
			path = OpenWeatherApp;
			sourceTree = "<group>";
		};
		7AF22E6F262AD3B100A9CCDA /* OpenWeatherAppTests */ = {
			isa = PBXGroup;
			children = (
				7AF22E70262AD3B100A9CCDA /* OpenWeatherAppTests.swift */,
				7AF22E72262AD3B100A9CCDA /* Info.plist */,
			);
			path = OpenWeatherAppTests;
			sourceTree = "<group>";
		};
		7AF22E7A262AD3B100A9CCDA /* OpenWeatherAppUITests */ = {
			isa = PBXGroup;
			children = (
				7AF22E7B262AD3B100A9CCDA /* OpenWeatherAppUITests.swift */,
				7AF22E7D262AD3B100A9CCDA /* Info.plist */,
			);
			path = OpenWeatherAppUITests;
			sourceTree = "<group>";
		};
		7AF22E8C262AD44800A9CCDA /* Model */ = {
			isa = PBXGroup;
			children = (
				7AF22E94262ADEBC00A9CCDA /* Weather.swift */,
			);
			name = Model;
			sourceTree = "<group>";
		};
		7AF22E8D262AD45E00A9CCDA /* View */ = {
			isa = PBXGroup;
			children = (
			);
			path = View;
			sourceTree = "<group>";
		};
		7AF22E8E262AD46E00A9CCDA /* Controller */ = {
			isa = PBXGroup;
			children = (
				7AF22E9B262AE44900A9CCDA /* MapViewController */,
				7AF22E5D262AD3AF00A9CCDA /* ViewController.swift */,
			);
			name = Controller;
			sourceTree = "<group>";
		};
		7AF22E8F262AD47E00A9CCDA /* Services */ = {
			isa = PBXGroup;
			children = (
				7AF22EA9262BE3EE00A9CCDA /* NetworkService.swift */,
			);
			path = Services;
			sourceTree = "<group>";
		};
		7AF22E9B262AE44900A9CCDA /* MapViewController */ = {
			isa = PBXGroup;
			children = (
				7AF22E9C262AE45F00A9CCDA /* MapViewController.swift */,
				7AF22EA4262AE4D700A9CCDA /* WeatherMapView.swift */,
			);
			path = MapViewController;
			sourceTree = "<group>";
		};
/* End PBXGroup section */

/* Begin PBXNativeTarget section */
		7AF22E55262AD3AF00A9CCDA /* OpenWeatherApp */ = {
			isa = PBXNativeTarget;
			buildConfigurationList = 7AF22E80262AD3B100A9CCDA /* Build configuration list for PBXNativeTarget "OpenWeatherApp" */;
			buildPhases = (
				7AF22E52262AD3AF00A9CCDA /* Sources */,
				7AF22E53262AD3AF00A9CCDA /* Frameworks */,
				7AF22E54262AD3AF00A9CCDA /* Resources */,
			);
			buildRules = (
			);
			dependencies = (
			);
			name = OpenWeatherApp;
			productName = OpenWeatherApp;
			productReference = 7AF22E56262AD3AF00A9CCDA /* OpenWeatherApp.app */;
			productType = "com.apple.product-type.application";
		};
		7AF22E6B262AD3B100A9CCDA /* OpenWeatherAppTests */ = {
			isa = PBXNativeTarget;
			buildConfigurationList = 7AF22E83262AD3B100A9CCDA /* Build configuration list for PBXNativeTarget "OpenWeatherAppTests" */;
			buildPhases = (
				7AF22E68262AD3B100A9CCDA /* Sources */,
				7AF22E69262AD3B100A9CCDA /* Frameworks */,
				7AF22E6A262AD3B100A9CCDA /* Resources */,
			);
			buildRules = (
			);
			dependencies = (
				7AF22E6E262AD3B100A9CCDA /* PBXTargetDependency */,
			);
			name = OpenWeatherAppTests;
			productName = OpenWeatherAppTests;
			productReference = 7AF22E6C262AD3B100A9CCDA /* OpenWeatherAppTests.xctest */;
			productType = "com.apple.product-type.bundle.unit-test";
		};
		7AF22E76262AD3B100A9CCDA /* OpenWeatherAppUITests */ = {
			isa = PBXNativeTarget;
			buildConfigurationList = 7AF22E86262AD3B100A9CCDA /* Build configuration list for PBXNativeTarget "OpenWeatherAppUITests" */;
			buildPhases = (
				7AF22E73262AD3B100A9CCDA /* Sources */,
				7AF22E74262AD3B100A9CCDA /* Frameworks */,
				7AF22E75262AD3B100A9CCDA /* Resources */,
			);
			buildRules = (
			);
			dependencies = (
				7AF22E79262AD3B100A9CCDA /* PBXTargetDependency */,
			);
			name = OpenWeatherAppUITests;
			productName = OpenWeatherAppUITests;
			productReference = 7AF22E77262AD3B100A9CCDA /* OpenWeatherAppUITests.xctest */;
			productType = "com.apple.product-type.bundle.ui-testing";
		};
/* End PBXNativeTarget section */

/* Begin PBXProject section */
		7AF22E4E262AD3AF00A9CCDA /* Project object */ = {
			isa = PBXProject;
			attributes = {
				LastSwiftUpdateCheck = 1210;
				LastUpgradeCheck = 1210;
				TargetAttributes = {
					7AF22E55262AD3AF00A9CCDA = {
						CreatedOnToolsVersion = 12.1;
					};
					7AF22E6B262AD3B100A9CCDA = {
						CreatedOnToolsVersion = 12.1;
						TestTargetID = 7AF22E55262AD3AF00A9CCDA;
					};
					7AF22E76262AD3B100A9CCDA = {
						CreatedOnToolsVersion = 12.1;
						TestTargetID = 7AF22E55262AD3AF00A9CCDA;
					};
				};
			};
			buildConfigurationList = 7AF22E51262AD3AF00A9CCDA /* Build configuration list for PBXProject "OpenWeatherApp" */;
			compatibilityVersion = "Xcode 9.3";
			developmentRegion = en;
			hasScannedForEncodings = 0;
			knownRegions = (
				en,
				Base,
			);
			mainGroup = 7AF22E4D262AD3AF00A9CCDA;
			productRefGroup = 7AF22E57262AD3AF00A9CCDA /* Products */;
			projectDirPath = "";
			projectRoot = "";
			targets = (
				7AF22E55262AD3AF00A9CCDA /* OpenWeatherApp */,
				7AF22E6B262AD3B100A9CCDA /* OpenWeatherAppTests */,
				7AF22E76262AD3B100A9CCDA /* OpenWeatherAppUITests */,
			);
		};
/* End PBXProject section */

/* Begin PBXResourcesBuildPhase section */
		7AF22E54262AD3AF00A9CCDA /* Resources */ = {
			isa = PBXResourcesBuildPhase;
			buildActionMask = 2147483647;
			files = (
				7AF22E66262AD3B000A9CCDA /* LaunchScreen.storyboard in Resources */,
				7AF22E63262AD3B000A9CCDA /* Assets.xcassets in Resources */,
				7AF22E61262AD3AF00A9CCDA /* Main.storyboard in Resources */,
			);
			runOnlyForDeploymentPostprocessing = 0;
		};
		7AF22E6A262AD3B100A9CCDA /* Resources */ = {
			isa = PBXResourcesBuildPhase;
			buildActionMask = 2147483647;
			files = (
			);
			runOnlyForDeploymentPostprocessing = 0;
		};
		7AF22E75262AD3B100A9CCDA /* Resources */ = {
			isa = PBXResourcesBuildPhase;
			buildActionMask = 2147483647;
			files = (
			);
			runOnlyForDeploymentPostprocessing = 0;
		};
/* End PBXResourcesBuildPhase section */

/* Begin PBXSourcesBuildPhase section */
		7AF22E52262AD3AF00A9CCDA /* Sources */ = {
			isa = PBXSourcesBuildPhase;
			buildActionMask = 2147483647;
			files = (
				7AF22EA5262AE4D700A9CCDA /* WeatherMapView.swift in Sources */,
				7AF22E95262ADEBC00A9CCDA /* Weather.swift in Sources */,
				7AF22E5E262AD3AF00A9CCDA /* ViewController.swift in Sources */,
				7AF22E5A262AD3AF00A9CCDA /* AppDelegate.swift in Sources */,
				7AF22E9D262AE45F00A9CCDA /* MapViewController.swift in Sources */,
				7AF22E5C262AD3AF00A9CCDA /* SceneDelegate.swift in Sources */,
				7AF22EAA262BE3EF00A9CCDA /* NetworkService.swift in Sources */,
			);
			runOnlyForDeploymentPostprocessing = 0;
		};
		7AF22E68262AD3B100A9CCDA /* Sources */ = {
			isa = PBXSourcesBuildPhase;
			buildActionMask = 2147483647;
			files = (
				7AF22E71262AD3B100A9CCDA /* OpenWeatherAppTests.swift in Sources */,
			);
			runOnlyForDeploymentPostprocessing = 0;
		};
		7AF22E73262AD3B100A9CCDA /* Sources */ = {
			isa = PBXSourcesBuildPhase;
			buildActionMask = 2147483647;
			files = (
				7AF22E7C262AD3B100A9CCDA /* OpenWeatherAppUITests.swift in Sources */,
			);
			runOnlyForDeploymentPostprocessing = 0;
		};
/* End PBXSourcesBuildPhase section */

/* Begin PBXTargetDependency section */
		7AF22E6E262AD3B100A9CCDA /* PBXTargetDependency */ = {
			isa = PBXTargetDependency;
			target = 7AF22E55262AD3AF00A9CCDA /* OpenWeatherApp */;
			targetProxy = 7AF22E6D262AD3B100A9CCDA /* PBXContainerItemProxy */;
		};
		7AF22E79262AD3B100A9CCDA /* PBXTargetDependency */ = {
			isa = PBXTargetDependency;
			target = 7AF22E55262AD3AF00A9CCDA /* OpenWeatherApp */;
			targetProxy = 7AF22E78262AD3B100A9CCDA /* PBXContainerItemProxy */;
		};
/* End PBXTargetDependency section */

/* Begin PBXVariantGroup section */
		7AF22E5F262AD3AF00A9CCDA /* Main.storyboard */ = {
			isa = PBXVariantGroup;
			children = (
				7AF22E60262AD3AF00A9CCDA /* Base */,
			);
			name = Main.storyboard;
			sourceTree = "<group>";
		};
		7AF22E64262AD3B000A9CCDA /* LaunchScreen.storyboard */ = {
			isa = PBXVariantGroup;
			children = (
				7AF22E65262AD3B000A9CCDA /* Base */,
			);
			name = LaunchScreen.storyboard;
			sourceTree = "<group>";
		};
/* End PBXVariantGroup section */

/* Begin XCBuildConfiguration section */
		7AF22E7E262AD3B100A9CCDA /* Debug */ = {
			isa = XCBuildConfiguration;
			buildSettings = {
				ALWAYS_SEARCH_USER_PATHS = NO;
				CLANG_ANALYZER_NONNULL = YES;
				CLANG_ANALYZER_NUMBER_OBJECT_CONVERSION = YES_AGGRESSIVE;
				CLANG_CXX_LANGUAGE_STANDARD = "gnu++14";
				CLANG_CXX_LIBRARY = "libc++";
				CLANG_ENABLE_MODULES = YES;
				CLANG_ENABLE_OBJC_ARC = YES;
				CLANG_ENABLE_OBJC_WEAK = YES;
				CLANG_WARN_BLOCK_CAPTURE_AUTORELEASING = YES;
				CLANG_WARN_BOOL_CONVERSION = YES;
				CLANG_WARN_COMMA = YES;
				CLANG_WARN_CONSTANT_CONVERSION = YES;
				CLANG_WARN_DEPRECATED_OBJC_IMPLEMENTATIONS = YES;
				CLANG_WARN_DIRECT_OBJC_ISA_USAGE = YES_ERROR;
				CLANG_WARN_DOCUMENTATION_COMMENTS = YES;
				CLANG_WARN_EMPTY_BODY = YES;
				CLANG_WARN_ENUM_CONVERSION = YES;
				CLANG_WARN_INFINITE_RECURSION = YES;
				CLANG_WARN_INT_CONVERSION = YES;
				CLANG_WARN_NON_LITERAL_NULL_CONVERSION = YES;
				CLANG_WARN_OBJC_IMPLICIT_RETAIN_SELF = YES;
				CLANG_WARN_OBJC_LITERAL_CONVERSION = YES;
				CLANG_WARN_OBJC_ROOT_CLASS = YES_ERROR;
				CLANG_WARN_QUOTED_INCLUDE_IN_FRAMEWORK_HEADER = YES;
				CLANG_WARN_RANGE_LOOP_ANALYSIS = YES;
				CLANG_WARN_STRICT_PROTOTYPES = YES;
				CLANG_WARN_SUSPICIOUS_MOVE = YES;
				CLANG_WARN_UNGUARDED_AVAILABILITY = YES_AGGRESSIVE;
				CLANG_WARN_UNREACHABLE_CODE = YES;
				CLANG_WARN__DUPLICATE_METHOD_MATCH = YES;
				COPY_PHASE_STRIP = NO;
				DEBUG_INFORMATION_FORMAT = dwarf;
				ENABLE_STRICT_OBJC_MSGSEND = YES;
				ENABLE_TESTABILITY = YES;
				GCC_C_LANGUAGE_STANDARD = gnu11;
				GCC_DYNAMIC_NO_PIC = NO;
				GCC_NO_COMMON_BLOCKS = YES;
				GCC_OPTIMIZATION_LEVEL = 0;
				GCC_PREPROCESSOR_DEFINITIONS = (
					"DEBUG=1",
					"$(inherited)",
				);
				GCC_WARN_64_TO_32_BIT_CONVERSION = YES;
				GCC_WARN_ABOUT_RETURN_TYPE = YES_ERROR;
				GCC_WARN_UNDECLARED_SELECTOR = YES;
				GCC_WARN_UNINITIALIZED_AUTOS = YES_AGGRESSIVE;
				GCC_WARN_UNUSED_FUNCTION = YES;
				GCC_WARN_UNUSED_VARIABLE = YES;
				IPHONEOS_DEPLOYMENT_TARGET = 14.1;
				MTL_ENABLE_DEBUG_INFO = INCLUDE_SOURCE;
				MTL_FAST_MATH = YES;
				ONLY_ACTIVE_ARCH = YES;
				SDKROOT = iphoneos;
				SWIFT_ACTIVE_COMPILATION_CONDITIONS = DEBUG;
				SWIFT_OPTIMIZATION_LEVEL = "-Onone";
			};
			name = Debug;
		};
		7AF22E7F262AD3B100A9CCDA /* Release */ = {
			isa = XCBuildConfiguration;
			buildSettings = {
				ALWAYS_SEARCH_USER_PATHS = NO;
				CLANG_ANALYZER_NONNULL = YES;
				CLANG_ANALYZER_NUMBER_OBJECT_CONVERSION = YES_AGGRESSIVE;
				CLANG_CXX_LANGUAGE_STANDARD = "gnu++14";
				CLANG_CXX_LIBRARY = "libc++";
				CLANG_ENABLE_MODULES = YES;
				CLANG_ENABLE_OBJC_ARC = YES;
				CLANG_ENABLE_OBJC_WEAK = YES;
				CLANG_WARN_BLOCK_CAPTURE_AUTORELEASING = YES;
				CLANG_WARN_BOOL_CONVERSION = YES;
				CLANG_WARN_COMMA = YES;
				CLANG_WARN_CONSTANT_CONVERSION = YES;
				CLANG_WARN_DEPRECATED_OBJC_IMPLEMENTATIONS = YES;
				CLANG_WARN_DIRECT_OBJC_ISA_USAGE = YES_ERROR;
				CLANG_WARN_DOCUMENTATION_COMMENTS = YES;
				CLANG_WARN_EMPTY_BODY = YES;
				CLANG_WARN_ENUM_CONVERSION = YES;
				CLANG_WARN_INFINITE_RECURSION = YES;
				CLANG_WARN_INT_CONVERSION = YES;
				CLANG_WARN_NON_LITERAL_NULL_CONVERSION = YES;
				CLANG_WARN_OBJC_IMPLICIT_RETAIN_SELF = YES;
				CLANG_WARN_OBJC_LITERAL_CONVERSION = YES;
				CLANG_WARN_OBJC_ROOT_CLASS = YES_ERROR;
				CLANG_WARN_QUOTED_INCLUDE_IN_FRAMEWORK_HEADER = YES;
				CLANG_WARN_RANGE_LOOP_ANALYSIS = YES;
				CLANG_WARN_STRICT_PROTOTYPES = YES;
				CLANG_WARN_SUSPICIOUS_MOVE = YES;
				CLANG_WARN_UNGUARDED_AVAILABILITY = YES_AGGRESSIVE;
				CLANG_WARN_UNREACHABLE_CODE = YES;
				CLANG_WARN__DUPLICATE_METHOD_MATCH = YES;
				COPY_PHASE_STRIP = NO;
				DEBUG_INFORMATION_FORMAT = "dwarf-with-dsym";
				ENABLE_NS_ASSERTIONS = NO;
				ENABLE_STRICT_OBJC_MSGSEND = YES;
				GCC_C_LANGUAGE_STANDARD = gnu11;
				GCC_NO_COMMON_BLOCKS = YES;
				GCC_WARN_64_TO_32_BIT_CONVERSION = YES;
				GCC_WARN_ABOUT_RETURN_TYPE = YES_ERROR;
				GCC_WARN_UNDECLARED_SELECTOR = YES;
				GCC_WARN_UNINITIALIZED_AUTOS = YES_AGGRESSIVE;
				GCC_WARN_UNUSED_FUNCTION = YES;
				GCC_WARN_UNUSED_VARIABLE = YES;
				IPHONEOS_DEPLOYMENT_TARGET = 14.1;
				MTL_ENABLE_DEBUG_INFO = NO;
				MTL_FAST_MATH = YES;
				SDKROOT = iphoneos;
				SWIFT_COMPILATION_MODE = wholemodule;
				SWIFT_OPTIMIZATION_LEVEL = "-O";
				VALIDATE_PRODUCT = YES;
			};
			name = Release;
		};
		7AF22E81262AD3B100A9CCDA /* Debug */ = {
			isa = XCBuildConfiguration;
			buildSettings = {
				ASSETCATALOG_COMPILER_APPICON_NAME = AppIcon;
				ASSETCATALOG_COMPILER_GLOBAL_ACCENT_COLOR_NAME = AccentColor;
				CODE_SIGN_STYLE = Automatic;
				INFOPLIST_FILE = OpenWeatherApp/Info.plist;
				LD_RUNPATH_SEARCH_PATHS = (
					"$(inherited)",
					"@executable_path/Frameworks",
				);
				PRODUCT_BUNDLE_IDENTIFIER = com.OpenWeatherApp;
				PRODUCT_NAME = "$(TARGET_NAME)";
				SWIFT_VERSION = 5.0;
				TARGETED_DEVICE_FAMILY = "1,2";
			};
			name = Debug;
		};
		7AF22E82262AD3B100A9CCDA /* Release */ = {
			isa = XCBuildConfiguration;
			buildSettings = {
				ASSETCATALOG_COMPILER_APPICON_NAME = AppIcon;
				ASSETCATALOG_COMPILER_GLOBAL_ACCENT_COLOR_NAME = AccentColor;
				CODE_SIGN_STYLE = Automatic;
				INFOPLIST_FILE = OpenWeatherApp/Info.plist;
				LD_RUNPATH_SEARCH_PATHS = (
					"$(inherited)",
					"@executable_path/Frameworks",
				);
				PRODUCT_BUNDLE_IDENTIFIER = com.OpenWeatherApp;
				PRODUCT_NAME = "$(TARGET_NAME)";
				SWIFT_VERSION = 5.0;
				TARGETED_DEVICE_FAMILY = "1,2";
			};
			name = Release;
		};
		7AF22E84262AD3B100A9CCDA /* Debug */ = {
			isa = XCBuildConfiguration;
			buildSettings = {
				ALWAYS_EMBED_SWIFT_STANDARD_LIBRARIES = YES;
				BUNDLE_LOADER = "$(TEST_HOST)";
				CODE_SIGN_STYLE = Automatic;
				INFOPLIST_FILE = OpenWeatherAppTests/Info.plist;
				IPHONEOS_DEPLOYMENT_TARGET = 14.1;
				LD_RUNPATH_SEARCH_PATHS = (
					"$(inherited)",
					"@executable_path/Frameworks",
					"@loader_path/Frameworks",
				);
				PRODUCT_BUNDLE_IDENTIFIER = com.OpenWeatherAppTests;
				PRODUCT_NAME = "$(TARGET_NAME)";
				SWIFT_VERSION = 5.0;
				TARGETED_DEVICE_FAMILY = "1,2";
				TEST_HOST = "$(BUILT_PRODUCTS_DIR)/OpenWeatherApp.app/OpenWeatherApp";
			};
			name = Debug;
		};
		7AF22E85262AD3B100A9CCDA /* Release */ = {
			isa = XCBuildConfiguration;
			buildSettings = {
				ALWAYS_EMBED_SWIFT_STANDARD_LIBRARIES = YES;
				BUNDLE_LOADER = "$(TEST_HOST)";
				CODE_SIGN_STYLE = Automatic;
				INFOPLIST_FILE = OpenWeatherAppTests/Info.plist;
				IPHONEOS_DEPLOYMENT_TARGET = 14.1;
				LD_RUNPATH_SEARCH_PATHS = (
					"$(inherited)",
					"@executable_path/Frameworks",
					"@loader_path/Frameworks",
				);
				PRODUCT_BUNDLE_IDENTIFIER = com.OpenWeatherAppTests;
				PRODUCT_NAME = "$(TARGET_NAME)";
				SWIFT_VERSION = 5.0;
				TARGETED_DEVICE_FAMILY = "1,2";
				TEST_HOST = "$(BUILT_PRODUCTS_DIR)/OpenWeatherApp.app/OpenWeatherApp";
			};
			name = Release;
		};
		7AF22E87262AD3B100A9CCDA /* Debug */ = {
			isa = XCBuildConfiguration;
			buildSettings = {
				ALWAYS_EMBED_SWIFT_STANDARD_LIBRARIES = YES;
				CODE_SIGN_STYLE = Automatic;
				INFOPLIST_FILE = OpenWeatherAppUITests/Info.plist;
				LD_RUNPATH_SEARCH_PATHS = (
					"$(inherited)",
					"@executable_path/Frameworks",
					"@loader_path/Frameworks",
				);
				PRODUCT_BUNDLE_IDENTIFIER = com.OpenWeatherAppUITests;
				PRODUCT_NAME = "$(TARGET_NAME)";
				SWIFT_VERSION = 5.0;
				TARGETED_DEVICE_FAMILY = "1,2";
				TEST_TARGET_NAME = OpenWeatherApp;
			};
			name = Debug;
		};
		7AF22E88262AD3B100A9CCDA /* Release */ = {
			isa = XCBuildConfiguration;
			buildSettings = {
				ALWAYS_EMBED_SWIFT_STANDARD_LIBRARIES = YES;
				CODE_SIGN_STYLE = Automatic;
				INFOPLIST_FILE = OpenWeatherAppUITests/Info.plist;
				LD_RUNPATH_SEARCH_PATHS = (
					"$(inherited)",
					"@executable_path/Frameworks",
					"@loader_path/Frameworks",
				);
				PRODUCT_BUNDLE_IDENTIFIER = com.OpenWeatherAppUITests;
				PRODUCT_NAME = "$(TARGET_NAME)";
				SWIFT_VERSION = 5.0;
				TARGETED_DEVICE_FAMILY = "1,2";
				TEST_TARGET_NAME = OpenWeatherApp;
			};
			name = Release;
		};
/* End XCBuildConfiguration section */

/* Begin XCConfigurationList section */
		7AF22E51262AD3AF00A9CCDA /* Build configuration list for PBXProject "OpenWeatherApp" */ = {
			isa = XCConfigurationList;
			buildConfigurations = (
				7AF22E7E262AD3B100A9CCDA /* Debug */,
				7AF22E7F262AD3B100A9CCDA /* Release */,
			);
			defaultConfigurationIsVisible = 0;
			defaultConfigurationName = Release;
		};
		7AF22E80262AD3B100A9CCDA /* Build configuration list for PBXNativeTarget "OpenWeatherApp" */ = {
			isa = XCConfigurationList;
			buildConfigurations = (
				7AF22E81262AD3B100A9CCDA /* Debug */,
				7AF22E82262AD3B100A9CCDA /* Release */,
			);
			defaultConfigurationIsVisible = 0;
			defaultConfigurationName = Release;
		};
		7AF22E83262AD3B100A9CCDA /* Build configuration list for PBXNativeTarget "OpenWeatherAppTests" */ = {
			isa = XCConfigurationList;
			buildConfigurations = (
				7AF22E84262AD3B100A9CCDA /* Debug */,
				7AF22E85262AD3B100A9CCDA /* Release */,
			);
			defaultConfigurationIsVisible = 0;
			defaultConfigurationName = Release;
		};
		7AF22E86262AD3B100A9CCDA /* Build configuration list for PBXNativeTarget "OpenWeatherAppUITests" */ = {
			isa = XCConfigurationList;
			buildConfigurations = (
				7AF22E87262AD3B100A9CCDA /* Debug */,
				7AF22E88262AD3B100A9CCDA /* Release */,
			);
			defaultConfigurationIsVisible = 0;
			defaultConfigurationName = Release;
		};
/* End XCConfigurationList section */
	};
	rootObject = 7AF22E4E262AD3AF00A9CCDA /* Project object */;
}
